// !$*UTF8*$!
{
	archiveVersion = 1;
	classes = {
	};
	objectVersion = 56;
	objects = {

/* Begin PBXBuildFile section */
		24E0BE562A9C4D9B0041DCD7 /* AppDelegate.swift in Sources */ = {isa = PBXBuildFile; fileRef = 24E0BE552A9C4D9B0041DCD7 /* AppDelegate.swift */; };
		24E0BE582A9C4D9B0041DCD7 /* SceneDelegate.swift in Sources */ = {isa = PBXBuildFile; fileRef = 24E0BE572A9C4D9B0041DCD7 /* SceneDelegate.swift */; };
		24E0BE5A2A9C4D9B0041DCD7 /* ConversationsViewController.swift in Sources */ = {isa = PBXBuildFile; fileRef = 24E0BE592A9C4D9B0041DCD7 /* ConversationsViewController.swift */; };
		24E0BE5D2A9C4D9B0041DCD7 /* Main.storyboard in Resources */ = {isa = PBXBuildFile; fileRef = 24E0BE5B2A9C4D9B0041DCD7 /* Main.storyboard */; };
		24E0BE5F2A9C4D9B0041DCD7 /* Assets.xcassets in Resources */ = {isa = PBXBuildFile; fileRef = 24E0BE5E2A9C4D9B0041DCD7 /* Assets.xcassets */; };
		24E0BE622A9C4D9B0041DCD7 /* LaunchScreen.storyboard in Resources */ = {isa = PBXBuildFile; fileRef = 24E0BE602A9C4D9B0041DCD7 /* LaunchScreen.storyboard */; };
		24E0BE702A9C50A70041DCD7 /* LoginViewController.swift in Sources */ = {isa = PBXBuildFile; fileRef = 24E0BE6F2A9C50A70041DCD7 /* LoginViewController.swift */; };
		24E0BE722A9C50D40041DCD7 /* RegisterViewController.swift in Sources */ = {isa = PBXBuildFile; fileRef = 24E0BE712A9C50D40041DCD7 /* RegisterViewController.swift */; };
		24E0BE742A9C50E50041DCD7 /* PhotoViewerViewController.swift in Sources */ = {isa = PBXBuildFile; fileRef = 24E0BE732A9C50E50041DCD7 /* PhotoViewerViewController.swift */; };
		24E0BE762A9C50F00041DCD7 /* VideoViewerViewController.swift in Sources */ = {isa = PBXBuildFile; fileRef = 24E0BE752A9C50F00041DCD7 /* VideoViewerViewController.swift */; };
		24E0BE782A9C51160041DCD7 /* NewConversationViewController.swift in Sources */ = {isa = PBXBuildFile; fileRef = 24E0BE772A9C51160041DCD7 /* NewConversationViewController.swift */; };
		24E0BE7A2A9C512A0041DCD7 /* ProfileViewController.swift in Sources */ = {isa = PBXBuildFile; fileRef = 24E0BE792A9C512A0041DCD7 /* ProfileViewController.swift */; };
		24E0BE7F2A9CA7A70041DCD7 /* Extensions.swift in Sources */ = {isa = PBXBuildFile; fileRef = 24E0BE7E2A9CA7A70041DCD7 /* Extensions.swift */; };
/* End PBXBuildFile section */

/* Begin PBXFileReference section */
		24E0BE522A9C4D9B0041DCD7 /* messenger.app */ = {isa = PBXFileReference; explicitFileType = wrapper.application; includeInIndex = 0; path = messenger.app; sourceTree = BUILT_PRODUCTS_DIR; };
		24E0BE552A9C4D9B0041DCD7 /* AppDelegate.swift */ = {isa = PBXFileReference; lastKnownFileType = sourcecode.swift; path = AppDelegate.swift; sourceTree = "<group>"; };
		24E0BE572A9C4D9B0041DCD7 /* SceneDelegate.swift */ = {isa = PBXFileReference; lastKnownFileType = sourcecode.swift; path = SceneDelegate.swift; sourceTree = "<group>"; };
		24E0BE592A9C4D9B0041DCD7 /* ConversationsViewController.swift */ = {isa = PBXFileReference; lastKnownFileType = sourcecode.swift; path = ConversationsViewController.swift; sourceTree = "<group>"; };
		24E0BE5C2A9C4D9B0041DCD7 /* Base */ = {isa = PBXFileReference; lastKnownFileType = file.storyboard; name = Base; path = Base.lproj/Main.storyboard; sourceTree = "<group>"; };
		24E0BE5E2A9C4D9B0041DCD7 /* Assets.xcassets */ = {isa = PBXFileReference; lastKnownFileType = folder.assetcatalog; path = Assets.xcassets; sourceTree = "<group>"; };
		24E0BE612A9C4D9B0041DCD7 /* Base */ = {isa = PBXFileReference; lastKnownFileType = file.storyboard; name = Base; path = Base.lproj/LaunchScreen.storyboard; sourceTree = "<group>"; };
		24E0BE632A9C4D9B0041DCD7 /* Info.plist */ = {isa = PBXFileReference; lastKnownFileType = text.plist.xml; path = Info.plist; sourceTree = "<group>"; };
		24E0BE6F2A9C50A70041DCD7 /* LoginViewController.swift */ = {isa = PBXFileReference; lastKnownFileType = sourcecode.swift; path = LoginViewController.swift; sourceTree = "<group>"; };
		24E0BE712A9C50D40041DCD7 /* RegisterViewController.swift */ = {isa = PBXFileReference; lastKnownFileType = sourcecode.swift; path = RegisterViewController.swift; sourceTree = "<group>"; };
		24E0BE732A9C50E50041DCD7 /* PhotoViewerViewController.swift */ = {isa = PBXFileReference; lastKnownFileType = sourcecode.swift; path = PhotoViewerViewController.swift; sourceTree = "<group>"; };
		24E0BE752A9C50F00041DCD7 /* VideoViewerViewController.swift */ = {isa = PBXFileReference; lastKnownFileType = sourcecode.swift; path = VideoViewerViewController.swift; sourceTree = "<group>"; };
		24E0BE772A9C51160041DCD7 /* NewConversationViewController.swift */ = {isa = PBXFileReference; lastKnownFileType = sourcecode.swift; path = NewConversationViewController.swift; sourceTree = "<group>"; };
		24E0BE792A9C512A0041DCD7 /* ProfileViewController.swift */ = {isa = PBXFileReference; lastKnownFileType = sourcecode.swift; path = ProfileViewController.swift; sourceTree = "<group>"; };
		24E0BE7E2A9CA7A70041DCD7 /* Extensions.swift */ = {isa = PBXFileReference; lastKnownFileType = sourcecode.swift; path = Extensions.swift; sourceTree = "<group>"; };
/* End PBXFileReference section */

/* Begin PBXFrameworksBuildPhase section */
		24E0BE4F2A9C4D9B0041DCD7 /* Frameworks */ = {
			isa = PBXFrameworksBuildPhase;
			buildActionMask = 2147483647;
			files = (
			);
			runOnlyForDeploymentPostprocessing = 0;
		};
/* End PBXFrameworksBuildPhase section */

/* Begin PBXGroup section */
		24E0BE492A9C4D9B0041DCD7 = {
			isa = PBXGroup;
			children = (
				24E0BE542A9C4D9B0041DCD7 /* messenger */,
				24E0BE532A9C4D9B0041DCD7 /* Products */,
			);
			sourceTree = "<group>";
		};
		24E0BE532A9C4D9B0041DCD7 /* Products */ = {
			isa = PBXGroup;
			children = (
				24E0BE522A9C4D9B0041DCD7 /* messenger.app */,
			);
			name = Products;
			sourceTree = "<group>";
		};
		24E0BE542A9C4D9B0041DCD7 /* messenger */ = {
			isa = PBXGroup;
			children = (
				24E0BE6D2A9C4F9C0041DCD7 /* Models */,
				24E0BE6C2A9C4F720041DCD7 /* Resources */,
				24E0BE6B2A9C4F610041DCD7 /* ViewModels */,
				24E0BE6A2A9C4F590041DCD7 /* Views */,
				24E0BE692A9C4F4E0041DCD7 /* Controllers */,
				24E0BE632A9C4D9B0041DCD7 /* Info.plist */,
			);
			path = messenger;
			sourceTree = "<group>";
		};
		24E0BE692A9C4F4E0041DCD7 /* Controllers */ = {
			isa = PBXGroup;
			children = (
				24E0BE7B2A9CA1850041DCD7 /* Auth */,
				24E0BE732A9C50E50041DCD7 /* PhotoViewerViewController.swift */,
				24E0BE752A9C50F00041DCD7 /* VideoViewerViewController.swift */,
				24E0BE772A9C51160041DCD7 /* NewConversationViewController.swift */,
				24E0BE792A9C512A0041DCD7 /* ProfileViewController.swift */,
				24E0BE592A9C4D9B0041DCD7 /* ConversationsViewController.swift */,
			);
			path = Controllers;
			sourceTree = "<group>";
		};
		24E0BE6A2A9C4F590041DCD7 /* Views */ = {
			isa = PBXGroup;
			children = (
				24E0BE5E2A9C4D9B0041DCD7 /* Assets.xcassets */,
				24E0BE6E2A9C4FB20041DCD7 /* Storyboards */,
			);
			path = Views;
			sourceTree = "<group>";
		};
		24E0BE6B2A9C4F610041DCD7 /* ViewModels */ = {
			isa = PBXGroup;
			children = (
			);
			path = ViewModels;
			sourceTree = "<group>";
		};
		24E0BE6C2A9C4F720041DCD7 /* Resources */ = {
			isa = PBXGroup;
			children = (
				24E0BE552A9C4D9B0041DCD7 /* AppDelegate.swift */,
				24E0BE572A9C4D9B0041DCD7 /* SceneDelegate.swift */,
				24E0BE7E2A9CA7A70041DCD7 /* Extensions.swift */,
			);
			path = Resources;
			sourceTree = "<group>";
		};
		24E0BE6D2A9C4F9C0041DCD7 /* Models */ = {
			isa = PBXGroup;
			children = (
			);
			path = Models;
			sourceTree = "<group>";
		};
		24E0BE6E2A9C4FB20041DCD7 /* Storyboards */ = {
			isa = PBXGroup;
			children = (
				24E0BE5B2A9C4D9B0041DCD7 /* Main.storyboard */,
				24E0BE602A9C4D9B0041DCD7 /* LaunchScreen.storyboard */,
			);
			path = Storyboards;
			sourceTree = "<group>";
		};
		24E0BE7B2A9CA1850041DCD7 /* Auth */ = {
			isa = PBXGroup;
			children = (
				24E0BE712A9C50D40041DCD7 /* RegisterViewController.swift */,
				24E0BE6F2A9C50A70041DCD7 /* LoginViewController.swift */,
			);
			path = Auth;
			sourceTree = "<group>";
		};
/* End PBXGroup section */

/* Begin PBXNativeTarget section */
		24E0BE512A9C4D9B0041DCD7 /* messenger */ = {
			isa = PBXNativeTarget;
			buildConfigurationList = 24E0BE662A9C4D9B0041DCD7 /* Build configuration list for PBXNativeTarget "messenger" */;
			buildPhases = (
				24E0BE4E2A9C4D9B0041DCD7 /* Sources */,
				24E0BE4F2A9C4D9B0041DCD7 /* Frameworks */,
				24E0BE502A9C4D9B0041DCD7 /* Resources */,
			);
			buildRules = (
			);
			dependencies = (
			);
			name = messenger;
			productName = messenger;
			productReference = 24E0BE522A9C4D9B0041DCD7 /* messenger.app */;
			productType = "com.apple.product-type.application";
		};
/* End PBXNativeTarget section */

/* Begin PBXProject section */
		24E0BE4A2A9C4D9B0041DCD7 /* Project object */ = {
			isa = PBXProject;
			attributes = {
				BuildIndependentTargetsInParallel = 1;
				LastSwiftUpdateCheck = 1430;
				LastUpgradeCheck = 1430;
				TargetAttributes = {
					24E0BE512A9C4D9B0041DCD7 = {
						CreatedOnToolsVersion = 14.3;
					};
				};
			};
			buildConfigurationList = 24E0BE4D2A9C4D9B0041DCD7 /* Build configuration list for PBXProject "messenger" */;
			compatibilityVersion = "Xcode 14.0";
			developmentRegion = en;
			hasScannedForEncodings = 0;
			knownRegions = (
				en,
				Base,
			);
			mainGroup = 24E0BE492A9C4D9B0041DCD7;
			productRefGroup = 24E0BE532A9C4D9B0041DCD7 /* Products */;
			projectDirPath = "";
			projectRoot = "";
			targets = (
				24E0BE512A9C4D9B0041DCD7 /* messenger */,
			);
		};
/* End PBXProject section */

/* Begin PBXResourcesBuildPhase section */
		24E0BE502A9C4D9B0041DCD7 /* Resources */ = {
			isa = PBXResourcesBuildPhase;
			buildActionMask = 2147483647;
			files = (
				24E0BE622A9C4D9B0041DCD7 /* LaunchScreen.storyboard in Resources */,
				24E0BE5F2A9C4D9B0041DCD7 /* Assets.xcassets in Resources */,
				24E0BE5D2A9C4D9B0041DCD7 /* Main.storyboard in Resources */,
			);
			runOnlyForDeploymentPostprocessing = 0;
		};
/* End PBXResourcesBuildPhase section */

/* Begin PBXSourcesBuildPhase section */
		24E0BE4E2A9C4D9B0041DCD7 /* Sources */ = {
			isa = PBXSourcesBuildPhase;
			buildActionMask = 2147483647;
			files = (
				24E0BE702A9C50A70041DCD7 /* LoginViewController.swift in Sources */,
				24E0BE762A9C50F00041DCD7 /* VideoViewerViewController.swift in Sources */,
				24E0BE782A9C51160041DCD7 /* NewConversationViewController.swift in Sources */,
				24E0BE722A9C50D40041DCD7 /* RegisterViewController.swift in Sources */,
				24E0BE5A2A9C4D9B0041DCD7 /* ConversationsViewController.swift in Sources */,
				24E0BE7F2A9CA7A70041DCD7 /* Extensions.swift in Sources */,
				24E0BE562A9C4D9B0041DCD7 /* AppDelegate.swift in Sources */,
				24E0BE7A2A9C512A0041DCD7 /* ProfileViewController.swift in Sources */,
				24E0BE582A9C4D9B0041DCD7 /* SceneDelegate.swift in Sources */,
				24E0BE742A9C50E50041DCD7 /* PhotoViewerViewController.swift in Sources */,
			);
			runOnlyForDeploymentPostprocessing = 0;
		};
/* End PBXSourcesBuildPhase section */

/* Begin PBXVariantGroup section */
		24E0BE5B2A9C4D9B0041DCD7 /* Main.storyboard */ = {
			isa = PBXVariantGroup;
			children = (
				24E0BE5C2A9C4D9B0041DCD7 /* Base */,
			);
			name = Main.storyboard;
			sourceTree = "<group>";
		};
		24E0BE602A9C4D9B0041DCD7 /* LaunchScreen.storyboard */ = {
			isa = PBXVariantGroup;
			children = (
				24E0BE612A9C4D9B0041DCD7 /* Base */,
			);
			name = LaunchScreen.storyboard;
			sourceTree = "<group>";
		};
/* End PBXVariantGroup section */

/* Begin XCBuildConfiguration section */
		24E0BE642A9C4D9B0041DCD7 /* Debug */ = {
			isa = XCBuildConfiguration;
			buildSettings = {
				ALWAYS_SEARCH_USER_PATHS = NO;
				CLANG_ANALYZER_NONNULL = YES;
				CLANG_ANALYZER_NUMBER_OBJECT_CONVERSION = YES_AGGRESSIVE;
				CLANG_CXX_LANGUAGE_STANDARD = "gnu++20";
				CLANG_ENABLE_MODULES = YES;
				CLANG_ENABLE_OBJC_ARC = YES;
				CLANG_ENABLE_OBJC_WEAK = YES;
				CLANG_WARN_BLOCK_CAPTURE_AUTORELEASING = YES;
				CLANG_WARN_BOOL_CONVERSION = YES;
				CLANG_WARN_COMMA = YES;
				CLANG_WARN_CONSTANT_CONVERSION = YES;
				CLANG_WARN_DEPRECATED_OBJC_IMPLEMENTATIONS = YES;
				CLANG_WARN_DIRECT_OBJC_ISA_USAGE = YES_ERROR;
				CLANG_WARN_DOCUMENTATION_COMMENTS = YES;
				CLANG_WARN_EMPTY_BODY = YES;
				CLANG_WARN_ENUM_CONVERSION = YES;
				CLANG_WARN_INFINITE_RECURSION = YES;
				CLANG_WARN_INT_CONVERSION = YES;
				CLANG_WARN_NON_LITERAL_NULL_CONVERSION = YES;
				CLANG_WARN_OBJC_IMPLICIT_RETAIN_SELF = YES;
				CLANG_WARN_OBJC_LITERAL_CONVERSION = YES;
				CLANG_WARN_OBJC_ROOT_CLASS = YES_ERROR;
				CLANG_WARN_QUOTED_INCLUDE_IN_FRAMEWORK_HEADER = YES;
				CLANG_WARN_RANGE_LOOP_ANALYSIS = YES;
				CLANG_WARN_STRICT_PROTOTYPES = YES;
				CLANG_WARN_SUSPICIOUS_MOVE = YES;
				CLANG_WARN_UNGUARDED_AVAILABILITY = YES_AGGRESSIVE;
				CLANG_WARN_UNREACHABLE_CODE = YES;
				CLANG_WARN__DUPLICATE_METHOD_MATCH = YES;
				COPY_PHASE_STRIP = NO;
				DEBUG_INFORMATION_FORMAT = dwarf;
				ENABLE_STRICT_OBJC_MSGSEND = YES;
				ENABLE_TESTABILITY = YES;
				GCC_C_LANGUAGE_STANDARD = gnu11;
				GCC_DYNAMIC_NO_PIC = NO;
				GCC_NO_COMMON_BLOCKS = YES;
				GCC_OPTIMIZATION_LEVEL = 0;
				GCC_PREPROCESSOR_DEFINITIONS = (
					"DEBUG=1",
					"$(inherited)",
				);
				GCC_WARN_64_TO_32_BIT_CONVERSION = YES;
				GCC_WARN_ABOUT_RETURN_TYPE = YES_ERROR;
				GCC_WARN_UNDECLARED_SELECTOR = YES;
				GCC_WARN_UNINITIALIZED_AUTOS = YES_AGGRESSIVE;
				GCC_WARN_UNUSED_FUNCTION = YES;
				GCC_WARN_UNUSED_VARIABLE = YES;
				IPHONEOS_DEPLOYMENT_TARGET = 16.4;
				MTL_ENABLE_DEBUG_INFO = INCLUDE_SOURCE;
				MTL_FAST_MATH = YES;
				ONLY_ACTIVE_ARCH = YES;
				SDKROOT = iphoneos;
				SWIFT_ACTIVE_COMPILATION_CONDITIONS = DEBUG;
				SWIFT_OPTIMIZATION_LEVEL = "-Onone";
			};
			name = Debug;
		};
		24E0BE652A9C4D9B0041DCD7 /* Release */ = {
			isa = XCBuildConfiguration;
			buildSettings = {
				ALWAYS_SEARCH_USER_PATHS = NO;
				CLANG_ANALYZER_NONNULL = YES;
				CLANG_ANALYZER_NUMBER_OBJECT_CONVERSION = YES_AGGRESSIVE;
				CLANG_CXX_LANGUAGE_STANDARD = "gnu++20";
				CLANG_ENABLE_MODULES = YES;
				CLANG_ENABLE_OBJC_ARC = YES;
				CLANG_ENABLE_OBJC_WEAK = YES;
				CLANG_WARN_BLOCK_CAPTURE_AUTORELEASING = YES;
				CLANG_WARN_BOOL_CONVERSION = YES;
				CLANG_WARN_COMMA = YES;
				CLANG_WARN_CONSTANT_CONVERSION = YES;
				CLANG_WARN_DEPRECATED_OBJC_IMPLEMENTATIONS = YES;
				CLANG_WARN_DIRECT_OBJC_ISA_USAGE = YES_ERROR;
				CLANG_WARN_DOCUMENTATION_COMMENTS = YES;
				CLANG_WARN_EMPTY_BODY = YES;
				CLANG_WARN_ENUM_CONVERSION = YES;
				CLANG_WARN_INFINITE_RECURSION = YES;
				CLANG_WARN_INT_CONVERSION = YES;
				CLANG_WARN_NON_LITERAL_NULL_CONVERSION = YES;
				CLANG_WARN_OBJC_IMPLICIT_RETAIN_SELF = YES;
				CLANG_WARN_OBJC_LITERAL_CONVERSION = YES;
				CLANG_WARN_OBJC_ROOT_CLASS = YES_ERROR;
				CLANG_WARN_QUOTED_INCLUDE_IN_FRAMEWORK_HEADER = YES;
				CLANG_WARN_RANGE_LOOP_ANALYSIS = YES;
				CLANG_WARN_STRICT_PROTOTYPES = YES;
				CLANG_WARN_SUSPICIOUS_MOVE = YES;
				CLANG_WARN_UNGUARDED_AVAILABILITY = YES_AGGRESSIVE;
				CLANG_WARN_UNREACHABLE_CODE = YES;
				CLANG_WARN__DUPLICATE_METHOD_MATCH = YES;
				COPY_PHASE_STRIP = NO;
				DEBUG_INFORMATION_FORMAT = "dwarf-with-dsym";
				ENABLE_NS_ASSERTIONS = NO;
				ENABLE_STRICT_OBJC_MSGSEND = YES;
				GCC_C_LANGUAGE_STANDARD = gnu11;
				GCC_NO_COMMON_BLOCKS = YES;
				GCC_WARN_64_TO_32_BIT_CONVERSION = YES;
				GCC_WARN_ABOUT_RETURN_TYPE = YES_ERROR;
				GCC_WARN_UNDECLARED_SELECTOR = YES;
				GCC_WARN_UNINITIALIZED_AUTOS = YES_AGGRESSIVE;
				GCC_WARN_UNUSED_FUNCTION = YES;
				GCC_WARN_UNUSED_VARIABLE = YES;
				IPHONEOS_DEPLOYMENT_TARGET = 16.4;
				MTL_ENABLE_DEBUG_INFO = NO;
				MTL_FAST_MATH = YES;
				SDKROOT = iphoneos;
				SWIFT_COMPILATION_MODE = wholemodule;
				SWIFT_OPTIMIZATION_LEVEL = "-O";
				VALIDATE_PRODUCT = YES;
			};
			name = Release;
		};
		24E0BE672A9C4D9B0041DCD7 /* Debug */ = {
			isa = XCBuildConfiguration;
			buildSettings = {
				ASSETCATALOG_COMPILER_APPICON_NAME = AppIcon;
				ASSETCATALOG_COMPILER_GLOBAL_ACCENT_COLOR_NAME = AccentColor;
				CODE_SIGN_STYLE = Automatic;
				CURRENT_PROJECT_VERSION = 1;
				DEVELOPMENT_TEAM = 9K2944623N;
				GENERATE_INFOPLIST_FILE = YES;
				INFOPLIST_FILE = messenger/Info.plist;
				INFOPLIST_KEY_UIApplicationSupportsIndirectInputEvents = YES;
				INFOPLIST_KEY_UILaunchStoryboardName = LaunchScreen;
				INFOPLIST_KEY_UIMainStoryboardFile = Main;
				INFOPLIST_KEY_UISupportedInterfaceOrientations = UIInterfaceOrientationPortrait;
				IPHONEOS_DEPLOYMENT_TARGET = 14.0;
				LD_RUNPATH_SEARCH_PATHS = (
					"$(inherited)",
					"@executable_path/Frameworks",
				);
				MARKETING_VERSION = 1.0;
				PRODUCT_BUNDLE_IDENTIFIER = com.miusin.messenger;
				PRODUCT_NAME = "$(TARGET_NAME)";
				SUPPORTED_PLATFORMS = "iphoneos iphonesimulator";
				SUPPORTS_MACCATALYST = NO;
				SUPPORTS_MAC_DESIGNED_FOR_IPHONE_IPAD = NO;
				SWIFT_EMIT_LOC_STRINGS = YES;
				SWIFT_VERSION = 5.0;
				TARGETED_DEVICE_FAMILY = "1,2";
			};
			name = Debug;
		};
		24E0BE682A9C4D9B0041DCD7 /* Release */ = {
			isa = XCBuildConfiguration;
			buildSettings = {
				ASSETCATALOG_COMPILER_APPICON_NAME = AppIcon;
				ASSETCATALOG_COMPILER_GLOBAL_ACCENT_COLOR_NAME = AccentColor;
				CODE_SIGN_STYLE = Automatic;
				CURRENT_PROJECT_VERSION = 1;
				DEVELOPMENT_TEAM = 9K2944623N;
				GENERATE_INFOPLIST_FILE = YES;
				INFOPLIST_FILE = messenger/Info.plist;
				INFOPLIST_KEY_UIApplicationSupportsIndirectInputEvents = YES;
				INFOPLIST_KEY_UILaunchStoryboardName = LaunchScreen;
				INFOPLIST_KEY_UIMainStoryboardFile = Main;
				INFOPLIST_KEY_UISupportedInterfaceOrientations = UIInterfaceOrientationPortrait;
				IPHONEOS_DEPLOYMENT_TARGET = 14.0;
				LD_RUNPATH_SEARCH_PATHS = (
					"$(inherited)",
					"@executable_path/Frameworks",
				);
				MARKETING_VERSION = 1.0;
				PRODUCT_BUNDLE_IDENTIFIER = com.miusin.messenger;
				PRODUCT_NAME = "$(TARGET_NAME)";
				SUPPORTED_PLATFORMS = "iphoneos iphonesimulator";
				SUPPORTS_MACCATALYST = NO;
				SUPPORTS_MAC_DESIGNED_FOR_IPHONE_IPAD = NO;
				SWIFT_EMIT_LOC_STRINGS = YES;
				SWIFT_VERSION = 5.0;
				TARGETED_DEVICE_FAMILY = "1,2";
			};
			name = Release;
		};
/* End XCBuildConfiguration section */

/* Begin XCConfigurationList section */
		24E0BE4D2A9C4D9B0041DCD7 /* Build configuration list for PBXProject "messenger" */ = {
			isa = XCConfigurationList;
			buildConfigurations = (
				24E0BE642A9C4D9B0041DCD7 /* Debug */,
				24E0BE652A9C4D9B0041DCD7 /* Release */,
			);
			defaultConfigurationIsVisible = 0;
			defaultConfigurationName = Release;
		};
		24E0BE662A9C4D9B0041DCD7 /* Build configuration list for PBXNativeTarget "messenger" */ = {
			isa = XCConfigurationList;
			buildConfigurations = (
				24E0BE672A9C4D9B0041DCD7 /* Debug */,
				24E0BE682A9C4D9B0041DCD7 /* Release */,
			);
			defaultConfigurationIsVisible = 0;
			defaultConfigurationName = Release;
		};
/* End XCConfigurationList section */
	};
	rootObject = 24E0BE4A2A9C4D9B0041DCD7 /* Project object */;
}
